// !$*UTF8*$!
{
	archiveVersion = 1;
	classes = {
	};
	objectVersion = 46;
	objects = {

/* Begin PBXBuildFile section */
		03365C4214D8AEBF0067FCF5 /* bindings.cc in Sources */ = {isa = PBXBuildFile; fileRef = 03365C2814D8AEBF0067FCF5 /* bindings.cc */; };
		03365C4314D8AEBF0067FCF5 /* commandqueue.cc in Sources */ = {isa = PBXBuildFile; fileRef = 03365C2914D8AEBF0067FCF5 /* commandqueue.cc */; };
		03365C4414D8AEBF0067FCF5 /* commandqueue.h in Headers */ = {isa = PBXBuildFile; fileRef = 03365C2A14D8AEBF0067FCF5 /* commandqueue.h */; };
		03365C4514D8AEBF0067FCF5 /* common.h in Headers */ = {isa = PBXBuildFile; fileRef = 03365C2B14D8AEBF0067FCF5 /* common.h */; };
		03365C4614D8AEBF0067FCF5 /* context.cc in Sources */ = {isa = PBXBuildFile; fileRef = 03365C2C14D8AEBF0067FCF5 /* context.cc */; };
		03365C4714D8AEBF0067FCF5 /* context.h in Headers */ = {isa = PBXBuildFile; fileRef = 03365C2D14D8AEBF0067FCF5 /* context.h */; };
		03365C4814D8AEBF0067FCF5 /* device.cc in Sources */ = {isa = PBXBuildFile; fileRef = 03365C2E14D8AEBF0067FCF5 /* device.cc */; };
		03365C4914D8AEBF0067FCF5 /* device.h in Headers */ = {isa = PBXBuildFile; fileRef = 03365C2F14D8AEBF0067FCF5 /* device.h */; };
		03365C4A14D8AEBF0067FCF5 /* event.cc in Sources */ = {isa = PBXBuildFile; fileRef = 03365C3014D8AEBF0067FCF5 /* event.cc */; };
		03365C4B14D8AEBF0067FCF5 /* event.h in Headers */ = {isa = PBXBuildFile; fileRef = 03365C3114D8AEBF0067FCF5 /* event.h */; };
		03365C4C14D8AEBF0067FCF5 /* ext_gl.cc in Sources */ = {isa = PBXBuildFile; fileRef = 03365C3214D8AEBF0067FCF5 /* ext_gl.cc */; };
		03365C4D14D8AEBF0067FCF5 /* ext_gl.h in Headers */ = {isa = PBXBuildFile; fileRef = 03365C3314D8AEBF0067FCF5 /* ext_gl.h */; };
		03365C4E14D8AEBF0067FCF5 /* kernel.cc in Sources */ = {isa = PBXBuildFile; fileRef = 03365C3414D8AEBF0067FCF5 /* kernel.cc */; };
		03365C4F14D8AEBF0067FCF5 /* kernel.h in Headers */ = {isa = PBXBuildFile; fileRef = 03365C3514D8AEBF0067FCF5 /* kernel.h */; };
		03365C5014D8AEBF0067FCF5 /* mappedregion.cc in Sources */ = {isa = PBXBuildFile; fileRef = 03365C3614D8AEBF0067FCF5 /* mappedregion.cc */; };
		03365C5114D8AEBF0067FCF5 /* mappedregion.h in Headers */ = {isa = PBXBuildFile; fileRef = 03365C3714D8AEBF0067FCF5 /* mappedregion.h */; };
		03365C5214D8AEBF0067FCF5 /* memoryobject.cc in Sources */ = {isa = PBXBuildFile; fileRef = 03365C3814D8AEBF0067FCF5 /* memoryobject.cc */; };
		03365C5314D8AEBF0067FCF5 /* memoryobject.h in Headers */ = {isa = PBXBuildFile; fileRef = 03365C3914D8AEBF0067FCF5 /* memoryobject.h */; };
		03365C5414D8AEBF0067FCF5 /* platform.cc in Sources */ = {isa = PBXBuildFile; fileRef = 03365C3A14D8AEBF0067FCF5 /* platform.cc */; };
		03365C5514D8AEBF0067FCF5 /* platform.h in Headers */ = {isa = PBXBuildFile; fileRef = 03365C3B14D8AEBF0067FCF5 /* platform.h */; };
		03365C5614D8AEBF0067FCF5 /* program.cc in Sources */ = {isa = PBXBuildFile; fileRef = 03365C3C14D8AEBF0067FCF5 /* program.cc */; };
		03365C5714D8AEBF0067FCF5 /* program.h in Headers */ = {isa = PBXBuildFile; fileRef = 03365C3D14D8AEBF0067FCF5 /* program.h */; };
		03365C5814D8AEBF0067FCF5 /* sampler.cc in Sources */ = {isa = PBXBuildFile; fileRef = 03365C3E14D8AEBF0067FCF5 /* sampler.cc */; };
		03365C5914D8AEBF0067FCF5 /* sampler.h in Headers */ = {isa = PBXBuildFile; fileRef = 03365C3F14D8AEBF0067FCF5 /* sampler.h */; };
		03365C5A14D8AEBF0067FCF5 /* webcl.cc in Sources */ = {isa = PBXBuildFile; fileRef = 03365C4014D8AEBF0067FCF5 /* webcl.cc */; };
		03365C5B14D8AEBF0067FCF5 /* webcl.h in Headers */ = {isa = PBXBuildFile; fileRef = 03365C4114D8AEBF0067FCF5 /* webcl.h */; };
		03365C8414D8AFB20067FCF5 /* OpenCL.framework in Frameworks */ = {isa = PBXBuildFile; fileRef = 03365C8314D8AFB20067FCF5 /* OpenCL.framework */; };
		03365C8614D8AFC10067FCF5 /* OpenGL.framework in Frameworks */ = {isa = PBXBuildFile; fileRef = 03365C8514D8AFC10067FCF5 /* OpenGL.framework */; };
		033667D414D9C2030067FCF5 /* webcl.js in Sources */ = {isa = PBXBuildFile; fileRef = 033667D214D9C2030067FCF5 /* webcl.js */; };
/* End PBXBuildFile section */

/* Begin PBXFileReference section */
		03365C1D14D8AE660067FCF5 /* webcl.node */ = {isa = PBXFileReference; explicitFileType = "compiled.mach-o.dylib"; includeInIndex = 0; path = webcl.node; sourceTree = BUILT_PRODUCTS_DIR; };
		03365C2814D8AEBF0067FCF5 /* bindings.cc */ = {isa = PBXFileReference; fileEncoding = 4; lastKnownFileType = sourcecode.cpp.cpp; path = bindings.cc; sourceTree = "<group>"; };
		03365C2914D8AEBF0067FCF5 /* commandqueue.cc */ = {isa = PBXFileReference; fileEncoding = 4; lastKnownFileType = sourcecode.cpp.cpp; path = commandqueue.cc; sourceTree = "<group>"; };
		03365C2A14D8AEBF0067FCF5 /* commandqueue.h */ = {isa = PBXFileReference; fileEncoding = 4; lastKnownFileType = sourcecode.c.h; path = commandqueue.h; sourceTree = "<group>"; };
		03365C2B14D8AEBF0067FCF5 /* common.h */ = {isa = PBXFileReference; fileEncoding = 4; lastKnownFileType = sourcecode.c.h; path = common.h; sourceTree = "<group>"; };
		03365C2C14D8AEBF0067FCF5 /* context.cc */ = {isa = PBXFileReference; fileEncoding = 4; lastKnownFileType = sourcecode.cpp.cpp; path = context.cc; sourceTree = "<group>"; };
		03365C2D14D8AEBF0067FCF5 /* context.h */ = {isa = PBXFileReference; fileEncoding = 4; lastKnownFileType = sourcecode.c.h; path = context.h; sourceTree = "<group>"; };
		03365C2E14D8AEBF0067FCF5 /* device.cc */ = {isa = PBXFileReference; fileEncoding = 4; lastKnownFileType = sourcecode.cpp.cpp; path = device.cc; sourceTree = "<group>"; };
		03365C2F14D8AEBF0067FCF5 /* device.h */ = {isa = PBXFileReference; fileEncoding = 4; lastKnownFileType = sourcecode.c.h; path = device.h; sourceTree = "<group>"; };
		03365C3014D8AEBF0067FCF5 /* event.cc */ = {isa = PBXFileReference; fileEncoding = 4; lastKnownFileType = sourcecode.cpp.cpp; path = event.cc; sourceTree = "<group>"; };
		03365C3114D8AEBF0067FCF5 /* event.h */ = {isa = PBXFileReference; fileEncoding = 4; lastKnownFileType = sourcecode.c.h; path = event.h; sourceTree = "<group>"; };
		03365C3214D8AEBF0067FCF5 /* ext_gl.cc */ = {isa = PBXFileReference; fileEncoding = 4; lastKnownFileType = sourcecode.cpp.cpp; path = ext_gl.cc; sourceTree = "<group>"; };
		03365C3314D8AEBF0067FCF5 /* ext_gl.h */ = {isa = PBXFileReference; fileEncoding = 4; lastKnownFileType = sourcecode.c.h; path = ext_gl.h; sourceTree = "<group>"; };
		03365C3414D8AEBF0067FCF5 /* kernel.cc */ = {isa = PBXFileReference; fileEncoding = 4; lastKnownFileType = sourcecode.cpp.cpp; path = kernel.cc; sourceTree = "<group>"; };
		03365C3514D8AEBF0067FCF5 /* kernel.h */ = {isa = PBXFileReference; fileEncoding = 4; lastKnownFileType = sourcecode.c.h; path = kernel.h; sourceTree = "<group>"; };
		03365C3614D8AEBF0067FCF5 /* mappedregion.cc */ = {isa = PBXFileReference; fileEncoding = 4; lastKnownFileType = sourcecode.cpp.cpp; path = mappedregion.cc; sourceTree = "<group>"; };
		03365C3714D8AEBF0067FCF5 /* mappedregion.h */ = {isa = PBXFileReference; fileEncoding = 4; lastKnownFileType = sourcecode.c.h; path = mappedregion.h; sourceTree = "<group>"; };
		03365C3814D8AEBF0067FCF5 /* memoryobject.cc */ = {isa = PBXFileReference; fileEncoding = 4; lastKnownFileType = sourcecode.cpp.cpp; path = memoryobject.cc; sourceTree = "<group>"; };
		03365C3914D8AEBF0067FCF5 /* memoryobject.h */ = {isa = PBXFileReference; fileEncoding = 4; lastKnownFileType = sourcecode.c.h; path = memoryobject.h; sourceTree = "<group>"; };
		03365C3A14D8AEBF0067FCF5 /* platform.cc */ = {isa = PBXFileReference; fileEncoding = 4; lastKnownFileType = sourcecode.cpp.cpp; path = platform.cc; sourceTree = "<group>"; };
		03365C3B14D8AEBF0067FCF5 /* platform.h */ = {isa = PBXFileReference; fileEncoding = 4; lastKnownFileType = sourcecode.c.h; path = platform.h; sourceTree = "<group>"; };
		03365C3C14D8AEBF0067FCF5 /* program.cc */ = {isa = PBXFileReference; fileEncoding = 4; lastKnownFileType = sourcecode.cpp.cpp; path = program.cc; sourceTree = "<group>"; };
		03365C3D14D8AEBF0067FCF5 /* program.h */ = {isa = PBXFileReference; fileEncoding = 4; lastKnownFileType = sourcecode.c.h; path = program.h; sourceTree = "<group>"; };
		03365C3E14D8AEBF0067FCF5 /* sampler.cc */ = {isa = PBXFileReference; fileEncoding = 4; lastKnownFileType = sourcecode.cpp.cpp; path = sampler.cc; sourceTree = "<group>"; };
		03365C3F14D8AEBF0067FCF5 /* sampler.h */ = {isa = PBXFileReference; fileEncoding = 4; lastKnownFileType = sourcecode.c.h; path = sampler.h; sourceTree = "<group>"; };
		03365C4014D8AEBF0067FCF5 /* webcl.cc */ = {isa = PBXFileReference; fileEncoding = 4; lastKnownFileType = sourcecode.cpp.cpp; path = webcl.cc; sourceTree = "<group>"; };
		03365C4114D8AEBF0067FCF5 /* webcl.h */ = {isa = PBXFileReference; fileEncoding = 4; lastKnownFileType = sourcecode.c.h; path = webcl.h; sourceTree = "<group>"; };
		03365C5E14D8AECB0067FCF5 /* clUtils.js */ = {isa = PBXFileReference; fileEncoding = 4; lastKnownFileType = sourcecode.javascript; path = clUtils.js; sourceTree = "<group>"; };
		03365C6114D8AED30067FCF5 /* BoxFilter.cl */ = {isa = PBXFileReference; fileEncoding = 4; lastKnownFileType = sourcecode.opencl; path = BoxFilter.cl; sourceTree = "<group>"; };
		03365C6214D8AED30067FCF5 /* BoxFilter.js */ = {isa = PBXFileReference; fileEncoding = 4; lastKnownFileType = sourcecode.javascript; path = BoxFilter.js; sourceTree = "<group>"; };
		03365C6314D8AED30067FCF5 /* BoxFilterGL.js */ = {isa = PBXFileReference; fileEncoding = 4; lastKnownFileType = sourcecode.javascript; path = BoxFilterGL.js; sourceTree = "<group>"; };
		03365C6414D8AED30067FCF5 /* DeviceQuery.js */ = {isa = PBXFileReference; fileEncoding = 4; lastKnownFileType = sourcecode.javascript; path = DeviceQuery.js; sourceTree = "<group>"; };
		03365C6514D8AED30067FCF5 /* dot.cl */ = {isa = PBXFileReference; fileEncoding = 4; lastKnownFileType = sourcecode.opencl; path = dot.cl; sourceTree = "<group>"; };
		03365C6614D8AED30067FCF5 /* dot.js */ = {isa = PBXFileReference; fileEncoding = 4; lastKnownFileType = sourcecode.javascript; path = dot.js; sourceTree = "<group>"; };
		03365C6714D8AED30067FCF5 /* glMatrix-0.9.5.min.js */ = {isa = PBXFileReference; fileEncoding = 4; lastKnownFileType = sourcecode.javascript; path = "glMatrix-0.9.5.min.js"; sourceTree = "<group>"; };
		03365C6814D8AED30067FCF5 /* lenaRGB.jpg */ = {isa = PBXFileReference; lastKnownFileType = image.jpeg; path = lenaRGB.jpg; sourceTree = "<group>"; };
		03365C6914D8AED30067FCF5 /* mike_scooter.jpg */ = {isa = PBXFileReference; lastKnownFileType = image.jpeg; path = mike_scooter.jpg; sourceTree = "<group>"; };
		03365C6C14D8AED30067FCF5 /* simple.cl */ = {isa = PBXFileReference; fileEncoding = 4; lastKnownFileType = sourcecode.opencl; path = simple.cl; sourceTree = "<group>"; };
		03365C6D14D8AED30067FCF5 /* simple.js */ = {isa = PBXFileReference; fileEncoding = 4; lastKnownFileType = sourcecode.javascript; path = simple.js; sourceTree = "<group>"; };
		03365C6E14D8AED30067FCF5 /* sine.cl */ = {isa = PBXFileReference; fileEncoding = 4; lastKnownFileType = sourcecode.opencl; path = sine.cl; sourceTree = "<group>"; };
		03365C6F14D8AED30067FCF5 /* sine.js */ = {isa = PBXFileReference; fileEncoding = 4; lastKnownFileType = sourcecode.javascript; path = sine.js; sourceTree = "<group>"; };
		03365C7014D8AED30067FCF5 /* swapRB.cl */ = {isa = PBXFileReference; fileEncoding = 4; lastKnownFileType = sourcecode.opencl; path = swapRB.cl; sourceTree = "<group>"; };
		03365C7114D8AED30067FCF5 /* VectorAdd.js */ = {isa = PBXFileReference; fileEncoding = 4; lastKnownFileType = sourcecode.javascript; path = VectorAdd.js; sourceTree = "<group>"; };
		03365C7214D8AED30067FCF5 /* VectorAddMapped.js */ = {isa = PBXFileReference; fileEncoding = 4; lastKnownFileType = sourcecode.javascript; path = VectorAddMapped.js; sourceTree = "<group>"; };
		03365C7314D8AED30067FCF5 /* wclImageFilter.js */ = {isa = PBXFileReference; fileEncoding = 4; lastKnownFileType = sourcecode.javascript; path = wclImageFilter.js; sourceTree = "<group>"; };
		03365C8314D8AFB20067FCF5 /* OpenCL.framework */ = {isa = PBXFileReference; lastKnownFileType = wrapper.framework; name = OpenCL.framework; path = System/Library/Frameworks/OpenCL.framework; sourceTree = SDKROOT; };
		03365C8514D8AFC10067FCF5 /* OpenGL.framework */ = {isa = PBXFileReference; lastKnownFileType = wrapper.framework; name = OpenGL.framework; path = System/Library/Frameworks/OpenGL.framework; sourceTree = SDKROOT; };
		033667D214D9C2030067FCF5 /* webcl.js */ = {isa = PBXFileReference; fileEncoding = 4; lastKnownFileType = sourcecode.javascript; path = webcl.js; sourceTree = "<group>"; };
		033667D314D9C2030067FCF5 /* wscript */ = {isa = PBXFileReference; fileEncoding = 4; lastKnownFileType = text; path = wscript; sourceTree = "<group>"; };
/* End PBXFileReference section */

/* Begin PBXFrameworksBuildPhase section */
		03365C1A14D8AE660067FCF5 /* Frameworks */ = {
			isa = PBXFrameworksBuildPhase;
			buildActionMask = 2147483647;
			files = (
				03365C8614D8AFC10067FCF5 /* OpenGL.framework in Frameworks */,
				03365C8414D8AFB20067FCF5 /* OpenCL.framework in Frameworks */,
			);
			runOnlyForDeploymentPostprocessing = 0;
		};
/* End PBXFrameworksBuildPhase section */

/* Begin PBXGroup section */
		03365C1214D8AE660067FCF5 = {
			isa = PBXGroup;
			children = (
				033667D214D9C2030067FCF5 /* webcl.js */,
				033667D314D9C2030067FCF5 /* wscript */,
				03365C8514D8AFC10067FCF5 /* OpenGL.framework */,
				03365C8314D8AFB20067FCF5 /* OpenCL.framework */,
				03365C6014D8AED30067FCF5 /* examples */,
				03365C5D14D8AECB0067FCF5 /* lib */,
				03365C2714D8AEBF0067FCF5 /* src */,
				03365C1E14D8AE660067FCF5 /* Products */,
			);
			indentWidth = 2;
			sourceTree = "<group>";
			tabWidth = 2;
		};
		03365C1E14D8AE660067FCF5 /* Products */ = {
			isa = PBXGroup;
			children = (
				03365C1D14D8AE660067FCF5 /* webcl.node */,
			);
			name = Products;
			sourceTree = "<group>";
		};
		03365C2714D8AEBF0067FCF5 /* src */ = {
			isa = PBXGroup;
			children = (
				03365C2814D8AEBF0067FCF5 /* bindings.cc */,
				03365C2914D8AEBF0067FCF5 /* commandqueue.cc */,
				03365C2A14D8AEBF0067FCF5 /* commandqueue.h */,
				03365C2B14D8AEBF0067FCF5 /* common.h */,
				03365C2C14D8AEBF0067FCF5 /* context.cc */,
				03365C2D14D8AEBF0067FCF5 /* context.h */,
				03365C2E14D8AEBF0067FCF5 /* device.cc */,
				03365C2F14D8AEBF0067FCF5 /* device.h */,
				03365C3014D8AEBF0067FCF5 /* event.cc */,
				03365C3114D8AEBF0067FCF5 /* event.h */,
				03365C3214D8AEBF0067FCF5 /* ext_gl.cc */,
				03365C3314D8AEBF0067FCF5 /* ext_gl.h */,
				03365C3414D8AEBF0067FCF5 /* kernel.cc */,
				03365C3514D8AEBF0067FCF5 /* kernel.h */,
				03365C3614D8AEBF0067FCF5 /* mappedregion.cc */,
				03365C3714D8AEBF0067FCF5 /* mappedregion.h */,
				03365C3814D8AEBF0067FCF5 /* memoryobject.cc */,
				03365C3914D8AEBF0067FCF5 /* memoryobject.h */,
				03365C3A14D8AEBF0067FCF5 /* platform.cc */,
				03365C3B14D8AEBF0067FCF5 /* platform.h */,
				03365C3C14D8AEBF0067FCF5 /* program.cc */,
				03365C3D14D8AEBF0067FCF5 /* program.h */,
				03365C3E14D8AEBF0067FCF5 /* sampler.cc */,
				03365C3F14D8AEBF0067FCF5 /* sampler.h */,
				03365C4014D8AEBF0067FCF5 /* webcl.cc */,
				03365C4114D8AEBF0067FCF5 /* webcl.h */,
			);
			path = src;
			sourceTree = "<group>";
		};
		03365C5D14D8AECB0067FCF5 /* lib */ = {
			isa = PBXGroup;
			children = (
				03365C5E14D8AECB0067FCF5 /* clUtils.js */,
			);
			path = lib;
			sourceTree = "<group>";
		};
		03365C6014D8AED30067FCF5 /* examples */ = {
			isa = PBXGroup;
			children = (
				03365C6114D8AED30067FCF5 /* BoxFilter.cl */,
				03365C6214D8AED30067FCF5 /* BoxFilter.js */,
				03365C6314D8AED30067FCF5 /* BoxFilterGL.js */,
				03365C6414D8AED30067FCF5 /* DeviceQuery.js */,
				03365C6514D8AED30067FCF5 /* dot.cl */,
				03365C6614D8AED30067FCF5 /* dot.js */,
				03365C6714D8AED30067FCF5 /* glMatrix-0.9.5.min.js */,
				03365C6814D8AED30067FCF5 /* lenaRGB.jpg */,
				03365C6914D8AED30067FCF5 /* mike_scooter.jpg */,
				03365C6A14D8AED30067FCF5 /* opencl-book */,
				03365C6E14D8AED30067FCF5 /* sine.cl */,
				03365C6F14D8AED30067FCF5 /* sine.js */,
				03365C7014D8AED30067FCF5 /* swapRB.cl */,
				03365C7114D8AED30067FCF5 /* VectorAdd.js */,
				03365C7214D8AED30067FCF5 /* VectorAddMapped.js */,
				03365C7314D8AED30067FCF5 /* wclImageFilter.js */,
			);
			path = examples;
			sourceTree = "<group>";
		};
		03365C6A14D8AED30067FCF5 /* opencl-book */ = {
			isa = PBXGroup;
			children = (
				03365C6B14D8AED30067FCF5 /* ch7 */,
			);
			path = "opencl-book";
			sourceTree = "<group>";
		};
		03365C6B14D8AED30067FCF5 /* ch7 */ = {
			isa = PBXGroup;
			children = (
				03365C6C14D8AED30067FCF5 /* simple.cl */,
				03365C6D14D8AED30067FCF5 /* simple.js */,
			);
			path = ch7;
			sourceTree = "<group>";
		};
/* End PBXGroup section */

/* Begin PBXHeadersBuildPhase section */
		03365C1B14D8AE660067FCF5 /* Headers */ = {
			isa = PBXHeadersBuildPhase;
			buildActionMask = 2147483647;
			files = (
				03365C4414D8AEBF0067FCF5 /* commandqueue.h in Headers */,
				03365C4514D8AEBF0067FCF5 /* common.h in Headers */,
				03365C4714D8AEBF0067FCF5 /* context.h in Headers */,
				03365C4914D8AEBF0067FCF5 /* device.h in Headers */,
				03365C4B14D8AEBF0067FCF5 /* event.h in Headers */,
				03365C4D14D8AEBF0067FCF5 /* ext_gl.h in Headers */,
				03365C4F14D8AEBF0067FCF5 /* kernel.h in Headers */,
				03365C5114D8AEBF0067FCF5 /* mappedregion.h in Headers */,
				03365C5314D8AEBF0067FCF5 /* memoryobject.h in Headers */,
				03365C5514D8AEBF0067FCF5 /* platform.h in Headers */,
				03365C5714D8AEBF0067FCF5 /* program.h in Headers */,
				03365C5914D8AEBF0067FCF5 /* sampler.h in Headers */,
				03365C5B14D8AEBF0067FCF5 /* webcl.h in Headers */,
			);
			runOnlyForDeploymentPostprocessing = 0;
		};
/* End PBXHeadersBuildPhase section */

/* Begin PBXNativeTarget section */
		03365C1C14D8AE660067FCF5 /* node-webcl */ = {
			isa = PBXNativeTarget;
			buildConfigurationList = 03365C2114D8AE660067FCF5 /* Build configuration list for PBXNativeTarget "node-webcl" */;
			buildPhases = (
				03365C1914D8AE660067FCF5 /* Sources */,
				03365C1A14D8AE660067FCF5 /* Frameworks */,
				03365C1B14D8AE660067FCF5 /* Headers */,
			);
			buildRules = (
			);
			dependencies = (
			);
			name = "node-webcl";
			productName = "node-webcl";
			productReference = 03365C1D14D8AE660067FCF5 /* webcl.node */;
			productType = "com.apple.product-type.library.dynamic";
		};
/* End PBXNativeTarget section */

/* Begin PBXProject section */
		03365C1414D8AE660067FCF5 /* Project object */ = {
			isa = PBXProject;
			attributes = {
				LastUpgradeCheck = 0420;
			};
			buildConfigurationList = 03365C1714D8AE660067FCF5 /* Build configuration list for PBXProject "node-webcl" */;
			compatibilityVersion = "Xcode 3.2";
			developmentRegion = English;
			hasScannedForEncodings = 0;
			knownRegions = (
				en,
			);
			mainGroup = 03365C1214D8AE660067FCF5;
			productRefGroup = 03365C1E14D8AE660067FCF5 /* Products */;
			projectDirPath = "";
			projectRoot = "";
			targets = (
				03365C1C14D8AE660067FCF5 /* node-webcl */,
			);
		};
/* End PBXProject section */

/* Begin PBXSourcesBuildPhase section */
		03365C1914D8AE660067FCF5 /* Sources */ = {
			isa = PBXSourcesBuildPhase;
			buildActionMask = 2147483647;
			files = (
				03365C4214D8AEBF0067FCF5 /* bindings.cc in Sources */,
				03365C4314D8AEBF0067FCF5 /* commandqueue.cc in Sources */,
				03365C4614D8AEBF0067FCF5 /* context.cc in Sources */,
				03365C4814D8AEBF0067FCF5 /* device.cc in Sources */,
				03365C4A14D8AEBF0067FCF5 /* event.cc in Sources */,
				03365C4C14D8AEBF0067FCF5 /* ext_gl.cc in Sources */,
				03365C4E14D8AEBF0067FCF5 /* kernel.cc in Sources */,
				03365C5014D8AEBF0067FCF5 /* mappedregion.cc in Sources */,
				03365C5214D8AEBF0067FCF5 /* memoryobject.cc in Sources */,
				03365C5414D8AEBF0067FCF5 /* platform.cc in Sources */,
				03365C5614D8AEBF0067FCF5 /* program.cc in Sources */,
				03365C5814D8AEBF0067FCF5 /* sampler.cc in Sources */,
				03365C5A14D8AEBF0067FCF5 /* webcl.cc in Sources */,
				033667D414D9C2030067FCF5 /* webcl.js in Sources */,
			);
			runOnlyForDeploymentPostprocessing = 0;
		};
/* End PBXSourcesBuildPhase section */

/* Begin XCBuildConfiguration section */
		03365C1F14D8AE660067FCF5 /* Debug */ = {
			isa = XCBuildConfiguration;
			buildSettings = {
				ALWAYS_SEARCH_USER_PATHS = YES;
				ARCHS = "$(ARCHS_STANDARD_32_BIT)";
				CLANG_ANALYZER_OBJC_SELF_INIT = NO;
				CLANG_ENABLE_OBJC_ARC = NO;
				CONFIGURATION_TEMP_DIR = "build/$(CONFIGURATION)";
				COPY_PHASE_STRIP = NO;
				CURRENT_PROJECT_VERSION = 0.1.0;
				DEBUG_INFORMATION_FORMAT = dwarf;
				GCC_C_LANGUAGE_STANDARD = "compiler-default";
				GCC_DYNAMIC_NO_PIC = NO;
				GCC_ENABLE_OBJC_EXCEPTIONS = NO;
				GCC_ENABLE_SSE3_EXTENSIONS = YES;
				GCC_ENABLE_SSE41_EXTENSIONS = YES;
				GCC_ENABLE_SSE42_EXTENSIONS = YES;
				GCC_ENABLE_SUPPLEMENTAL_SSE3_INSTRUCTIONS = YES;
				GCC_FAST_OBJC_DISPATCH = NO;
				GCC_OBJC_CALL_CXX_CDTORS = NO;
				GCC_OPTIMIZATION_LEVEL = 0;
				GCC_PRECOMPILE_PREFIX_HEADER = NO;
				GCC_PREPROCESSOR_DEFINITIONS = (
					"DEBUG=1",
					"$(inherited)",
				);
				GCC_SYMBOLS_PRIVATE_EXTERN = NO;
				GCC_VERSION = "";
				GCC_WARN_64_TO_32_BIT_CONVERSION = YES;
				GCC_WARN_ABOUT_MISSING_PROTOTYPES = NO;
				GCC_WARN_ABOUT_RETURN_TYPE = YES;
				GCC_WARN_ALLOW_INCOMPLETE_PROTOCOL = NO;
				GCC_WARN_UNUSED_VARIABLE = YES;
				HEADER_SEARCH_PATHS = $HOME/local/node/include/node;
				LD_OPENMP_FLAGS = "";
				LIBRARY_SEARCH_PATHS = $HOME/local/node/lib;
				LINK_WITH_STANDARD_LIBRARIES = YES;
				LLVM_LTO = YES;
				MACOSX_DEPLOYMENT_TARGET = 10.7;
				ONLY_ACTIVE_ARCH = YES;
				OPENCL_ARCHS = "i386 x86_64";
				OTHER_CPLUSPLUSFLAGS = (
					"-D_LARGEFILE_SOURCE",
					"-D_FILE_OFFSET_BITS=64",
					"$(OTHER_CFLAGS)",
					"-fPIC",
				);
				OTHER_LDFLAGS = (
					"-undefined",
					dynamic_lookup,
				);
				SDKROOT = "";
				VERSIONING_SYSTEM = "apple-generic";
			};
			name = Debug;
		};
		03365C2014D8AE660067FCF5 /* Release */ = {
			isa = XCBuildConfiguration;
			buildSettings = {
				ALWAYS_SEARCH_USER_PATHS = YES;
				ARCHS = "$(ARCHS_STANDARD_32_BIT)";
				CLANG_ANALYZER_OBJC_SELF_INIT = NO;
				CLANG_ENABLE_OBJC_ARC = NO;
				CONFIGURATION_TEMP_DIR = "build/$(CONFIGURATION)";
				COPY_PHASE_STRIP = YES;
				CURRENT_PROJECT_VERSION = 0.1.0;
				DEBUG_INFORMATION_FORMAT = dwarf;
				GCC_C_LANGUAGE_STANDARD = "compiler-default";
				GCC_DYNAMIC_NO_PIC = NO;
				GCC_ENABLE_OBJC_EXCEPTIONS = NO;
				GCC_ENABLE_SSE3_EXTENSIONS = YES;
				GCC_ENABLE_SSE41_EXTENSIONS = YES;
				GCC_ENABLE_SSE42_EXTENSIONS = YES;
				GCC_ENABLE_SUPPLEMENTAL_SSE3_INSTRUCTIONS = YES;
				GCC_FAST_OBJC_DISPATCH = NO;
				GCC_OBJC_CALL_CXX_CDTORS = NO;
				GCC_PRECOMPILE_PREFIX_HEADER = NO;
				GCC_VERSION = "";
				GCC_WARN_64_TO_32_BIT_CONVERSION = YES;
				GCC_WARN_ABOUT_MISSING_PROTOTYPES = NO;
				GCC_WARN_ABOUT_RETURN_TYPE = YES;
				GCC_WARN_ALLOW_INCOMPLETE_PROTOCOL = NO;
				GCC_WARN_UNUSED_VARIABLE = YES;
				HEADER_SEARCH_PATHS = $HOME/local/node/include/node;
				LD_OPENMP_FLAGS = "";
				LIBRARY_SEARCH_PATHS = $HOME/local/node/lib;
				LINK_WITH_STANDARD_LIBRARIES = YES;
				LLVM_LTO = YES;
				MACOSX_DEPLOYMENT_TARGET = 10.7;
				OPENCL_ARCHS = "i386 x86_64";
				OTHER_CPLUSPLUSFLAGS = (
					"-D_LARGEFILE_SOURCE",
					"-D_FILE_OFFSET_BITS=64",
					"$(OTHER_CFLAGS)",
					"-fPIC",
				);
				OTHER_LDFLAGS = (
					"-undefined",
					dynamic_lookup,
				);
				SDKROOT = "";
				VERSIONING_SYSTEM = "apple-generic";
			};
			name = Release;
		};
		03365C2214D8AE660067FCF5 /* Debug */ = {
			isa = XCBuildConfiguration;
			buildSettings = {
				CONFIGURATION_TEMP_DIR = "build/$(CONFIGURATION)";
				EXECUTABLE_EXTENSION = node;
				EXECUTABLE_PREFIX = "";
				GCC_VERSION = com.apple.compilers.llvm.clang.1_0;
				LIBRARY_SEARCH_PATHS = $HOME/local/node/lib;
				LLVM_LTO = YES;
				PRODUCT_NAME = webcl;
				USER_HEADER_SEARCH_PATHS = $HOME/local/node/include/node;
			};
			name = Debug;
		};
		03365C2314D8AE660067FCF5 /* Release */ = {
			isa = XCBuildConfiguration;
			buildSettings = {
				CONFIGURATION_TEMP_DIR = "build/$(CONFIGURATION)";
				EXECUTABLE_EXTENSION = node;
				EXECUTABLE_PREFIX = "";
				GCC_VERSION = com.apple.compilers.llvm.clang.1_0;
				LIBRARY_SEARCH_PATHS = $HOME/local/node/lib;
				LLVM_LTO = YES;
				PRODUCT_NAME = webcl;
				USER_HEADER_SEARCH_PATHS = $HOME/local/node/include/node;
			};
			name = Release;
		};
/* End XCBuildConfiguration section */

/* Begin XCConfigurationList section */
		03365C1714D8AE660067FCF5 /* Build configuration list for PBXProject "node-webcl" */ = {
			isa = XCConfigurationList;
			buildConfigurations = (
				03365C1F14D8AE660067FCF5 /* Debug */,
				03365C2014D8AE660067FCF5 /* Release */,
			);
			defaultConfigurationIsVisible = 0;
			defaultConfigurationName = Release;
		};
		03365C2114D8AE660067FCF5 /* Build configuration list for PBXNativeTarget "node-webcl" */ = {
			isa = XCConfigurationList;
			buildConfigurations = (
				03365C2214D8AE660067FCF5 /* Debug */,
				03365C2314D8AE660067FCF5 /* Release */,
			);
			defaultConfigurationIsVisible = 0;
			defaultConfigurationName = Release;
		};
/* End XCConfigurationList section */
	};
	rootObject = 03365C1414D8AE660067FCF5 /* Project object */;
}
